
Microsoft Visual Studio Solution File, Format Version 12.00
# Visual Studio Version 16
VisualStudioVersion = 16.0.34114.132
MinimumVisualStudioVersion = 10.0.40219.1
Project("{FAE04EC0-301F-11D3-BF4B-00C04F79EFBC}") = "WindowsFormsApp1", "WindowsFormsApp1\WindowsFormsApp1.csproj", "{1ADFF98C-0C48-4C28-97EC-D2AB8D65FB04}"
EndProject
Project("{FAE04EC0-301F-11D3-BF4B-00C04F79EFBC}") = "MyControl", "MyControl\MyControl.csproj", "{86B23808-A70D-4379-91A4-0E3302656836}"
EndProject
Global
	GlobalSection(SolutionConfigurationPlatforms) = preSolution
		Debug|Any CPU = Debug|Any CPU
		Release|Any CPU = Release|Any CPU
	EndGlobalSection
	GlobalSection(ProjectConfigurationPlatforms) = postSolution
		{1ADFF98C-0C48-4C28-97EC-D2AB8D65FB04}.Debug|Any CPU.ActiveCfg = Debug|Any CPU
		{1ADFF98C-0C48-4C28-97EC-D2AB8D65FB04}.Debug|Any CPU.Build.0 = Debug|Any CPU
		{1ADFF98C-0C48-4C28-97EC-D2AB8D65FB04}.Release|Any CPU.ActiveCfg = Release|Any CPU
		{1ADFF98C-0C48-4C28-97EC-D2AB8D65FB04}.Release|Any CPU.Build.0 = Release|Any CPU
		{86B23808-A70D-4379-91A4-0E3302656836}.Debug|Any CPU.ActiveCfg = Debug|Any CPU
		{86B23808-A70D-4379-91A4-0E3302656836}.Debug|Any CPU.Build.0 = Debug|Any CPU
		{86B23808-A70D-4379-91A4-0E3302656836}.Release|Any CPU.ActiveCfg = Release|Any CPU
		{86B23808-A70D-4379-91A4-0E3302656836}.Release|Any CPU.Build.0 = Release|Any CPU
	EndGlobalSection
	GlobalSection(SolutionProperties) = preSolution
		HideSolutionNode = FALSE
	EndGlobalSection
	GlobalSection(ExtensibilityGlobals) = postSolution
		SolutionGuid = {112BBD0C-6560-479D-99DF-C72A3F75DF80}
	EndGlobalSection
EndGlobal
